
Microsoft Visual Studio Solution File, Format Version 12.00
# Visual Studio 15
VisualStudioVersion = 15.0.27130.2036
MinimumVisualStudioVersion = 10.0.40219.1
Project("{54435603-DBB4-11D2-8724-00A0C9A8B90C}") = "RASuiteInstaller", "RASuiteInstaller\RASuiteInstaller.vdproj", "{FAB55E84-FFB1-4B12-9D3D-1FD37295B0FF}"
EndProject
Global
	GlobalSection(SolutionConfigurationPlatforms) = preSolution
		Debug|Default = Debug|Default
		Release|Default = Release|Default
	EndGlobalSection
	GlobalSection(ProjectConfigurationPlatforms) = postSolution
		{FAB55E84-FFB1-4B12-9D3D-1FD37295B0FF}.Debug|Default.ActiveCfg = Debug
		{FAB55E84-FFB1-4B12-9D3D-1FD37295B0FF}.Debug|Default.Build.0 = Debug
		{FAB55E84-FFB1-4B12-9D3D-1FD37295B0FF}.Release|Default.ActiveCfg = Release
		{FAB55E84-FFB1-4B12-9D3D-1FD37295B0FF}.Release|Default.Build.0 = Release
	EndGlobalSection
	GlobalSection(SolutionProperties) = preSolution
		HideSolutionNode = FALSE
	EndGlobalSection
	GlobalSection(ExtensibilityGlobals) = postSolution
		SolutionGuid = {740A1161-D393-44E2-909F-D8A7318CC693}
	EndGlobalSection
EndGlobal
